
Microsoft Visual Studio Solution File, Format Version 12.00
# Visual Studio Version 17
VisualStudioVersion = 17.8.34322.80
MinimumVisualStudioVersion = 10.0.40219.1
Project("{FAE04EC0-301F-11D3-BF4B-00C04F79EFBC}") = "Course-EndProject1", "Course-EndProject1\Course-EndProject1.csproj", "{0DDE2E6C-29E2-454E-96DF-88E17E2711C1}"
EndProject
Global
	GlobalSection(SolutionConfigurationPlatforms) = preSolution
		Debug|Any CPU = Debug|Any CPU
		Release|Any CPU = Release|Any CPU
	EndGlobalSection
	GlobalSection(ProjectConfigurationPlatforms) = postSolution
		{0DDE2E6C-29E2-454E-96DF-88E17E2711C1}.Debug|Any CPU.ActiveCfg = Debug|Any CPU
		{0DDE2E6C-29E2-454E-96DF-88E17E2711C1}.Debug|Any CPU.Build.0 = Debug|Any CPU
		{0DDE2E6C-29E2-454E-96DF-88E17E2711C1}.Release|Any CPU.ActiveCfg = Release|Any CPU
		{0DDE2E6C-29E2-454E-96DF-88E17E2711C1}.Release|Any CPU.Build.0 = Release|Any CPU
	EndGlobalSection
	GlobalSection(SolutionProperties) = preSolution
		HideSolutionNode = FALSE
	EndGlobalSection
	GlobalSection(ExtensibilityGlobals) = postSolution
		SolutionGuid = {29BBC316-8780-499C-8A43-ADB861448516}
	EndGlobalSection
EndGlobal
